
Microsoft Visual Studio Solution File, Format Version 12.00
# Visual Studio Version 16
VisualStudioVersion = 16.0.31019.35
MinimumVisualStudioVersion = 10.0.40219.1
Project("{FAE04EC0-301F-11D3-BF4B-00C04F79EFBC}") = "crewlinkship", "crewlinkship.csproj", "{7CEFF310-BDC5-4F32-97E5-6D9C78B30785}"
EndProject
Global
	GlobalSection(SolutionConfigurationPlatforms) = preSolution
		Debug|Any CPU = Debug|Any CPU
		Release|Any CPU = Release|Any CPU
	EndGlobalSection
	GlobalSection(ProjectConfigurationPlatforms) = postSolution
		{7CEFF310-BDC5-4F32-97E5-6D9C78B30785}.Debug|Any CPU.ActiveCfg = Debug|Any CPU
		{7CEFF310-BDC5-4F32-97E5-6D9C78B30785}.Debug|Any CPU.Build.0 = Debug|Any CPU
		{7CEFF310-BDC5-4F32-97E5-6D9C78B30785}.Release|Any CPU.ActiveCfg = Release|Any CPU
		{7CEFF310-BDC5-4F32-97E5-6D9C78B30785}.Release|Any CPU.Build.0 = Release|Any CPU
	EndGlobalSection
	GlobalSection(SolutionProperties) = preSolution
		HideSolutionNode = FALSE
	EndGlobalSection
	GlobalSection(ExtensibilityGlobals) = postSolution
		SolutionGuid = {F4FA224B-57F1-4AAE-8EE6-DAFC5CEA77CE}
	EndGlobalSection
EndGlobal
